
Microsoft Visual Studio Solution File, Format Version 10.00
# Visual Studio 2008
Project("{8BC9CEB8-8B4A-11D0-8D11-00A0C91BC942}") = "BV_Creator", "BV_Creator\BV_Creator\BV_Creator.vcproj", "{8D06C65B-754F-4305-988A-F560A55F8DBA}"
EndProject
Project("{8BC9CEB8-8B4A-11D0-8D11-00A0C91BC942}") = "BV_Simulator", "BV_Simulator\BV_Simulator.vcproj", "{8E2B913C-F2C7-4537-93FD-3D39C77AB7EB}"
EndProject
Global
	GlobalSection(SolutionConfigurationPlatforms) = preSolution
		Debug|Win32 = Debug|Win32
		Release|Win32 = Release|Win32
	EndGlobalSection
	GlobalSection(ProjectConfigurationPlatforms) = postSolution
		{8D06C65B-754F-4305-988A-F560A55F8DBA}.Debug|Win32.ActiveCfg = Debug|Win32
		{8D06C65B-754F-4305-988A-F560A55F8DBA}.Debug|Win32.Build.0 = Debug|Win32
		{8D06C65B-754F-4305-988A-F560A55F8DBA}.Release|Win32.ActiveCfg = Release|Win32
		{8D06C65B-754F-4305-988A-F560A55F8DBA}.Release|Win32.Build.0 = Release|Win32
		{8E2B913C-F2C7-4537-93FD-3D39C77AB7EB}.Debug|Win32.ActiveCfg = Debug|Win32
		{8E2B913C-F2C7-4537-93FD-3D39C77AB7EB}.Debug|Win32.Build.0 = Debug|Win32
		{8E2B913C-F2C7-4537-93FD-3D39C77AB7EB}.Release|Win32.ActiveCfg = Release|Win32
		{8E2B913C-F2C7-4537-93FD-3D39C77AB7EB}.Release|Win32.Build.0 = Release|Win32
	EndGlobalSection
	GlobalSection(SolutionProperties) = preSolution
		HideSolutionNode = FALSE
	EndGlobalSection
EndGlobal
